// !$*UTF8*$!
{
	archiveVersion = 1;
	classes = {
	};
	objectVersion = 46;
	objects = {

/* Begin PBXBuildFile section */
		6ED0138F1EC2638000E1A4A4 /* AppDelegate.swift in Sources */ = {isa = PBXBuildFile; fileRef = 6ED0138E1EC2638000E1A4A4 /* AppDelegate.swift */; };
		6ED013911EC2638000E1A4A4 /* ViewController.swift in Sources */ = {isa = PBXBuildFile; fileRef = 6ED013901EC2638000E1A4A4 /* ViewController.swift */; };
		6ED013941EC2638000E1A4A4 /* Main.storyboard in Resources */ = {isa = PBXBuildFile; fileRef = 6ED013921EC2638000E1A4A4 /* Main.storyboard */; };
		6ED013961EC2638000E1A4A4 /* Assets.xcassets in Resources */ = {isa = PBXBuildFile; fileRef = 6ED013951EC2638000E1A4A4 /* Assets.xcassets */; };
		6ED013991EC2638000E1A4A4 /* LaunchScreen.storyboard in Resources */ = {isa = PBXBuildFile; fileRef = 6ED013971EC2638000E1A4A4 /* LaunchScreen.storyboard */; };
		6ED013A41EC2638000E1A4A4 /* GameOfLifeTests.swift in Sources */ = {isa = PBXBuildFile; fileRef = 6ED013A31EC2638000E1A4A4 /* GameOfLifeTests.swift */; };
/* End PBXBuildFile section */

/* Begin PBXContainerItemProxy section */
		6ED013A01EC2638000E1A4A4 /* PBXContainerItemProxy */ = {
			isa = PBXContainerItemProxy;
			containerPortal = 6ED013831EC2638000E1A4A4 /* Project object */;
			proxyType = 1;
			remoteGlobalIDString = 6ED0138A1EC2638000E1A4A4;
			remoteInfo = GameOfLife;
		};
/* End PBXContainerItemProxy section */

/* Begin PBXFileReference section */
		6ED0138B1EC2638000E1A4A4 /* GameOfLife.app */ = {isa = PBXFileReference; explicitFileType = wrapper.application; includeInIndex = 0; path = GameOfLife.app; sourceTree = BUILT_PRODUCTS_DIR; };
		6ED0138E1EC2638000E1A4A4 /* AppDelegate.swift */ = {isa = PBXFileReference; lastKnownFileType = sourcecode.swift; path = AppDelegate.swift; sourceTree = "<group>"; };
		6ED013901EC2638000E1A4A4 /* ViewController.swift */ = {isa = PBXFileReference; lastKnownFileType = sourcecode.swift; path = ViewController.swift; sourceTree = "<group>"; };
		6ED013931EC2638000E1A4A4 /* Base */ = {isa = PBXFileReference; lastKnownFileType = file.storyboard; name = Base; path = Base.lproj/Main.storyboard; sourceTree = "<group>"; };
		6ED013951EC2638000E1A4A4 /* Assets.xcassets */ = {isa = PBXFileReference; lastKnownFileType = folder.assetcatalog; path = Assets.xcassets; sourceTree = "<group>"; };
		6ED013981EC2638000E1A4A4 /* Base */ = {isa = PBXFileReference; lastKnownFileType = file.storyboard; name = Base; path = Base.lproj/LaunchScreen.storyboard; sourceTree = "<group>"; };
		6ED0139A1EC2638000E1A4A4 /* Info.plist */ = {isa = PBXFileReference; lastKnownFileType = text.plist.xml; path = Info.plist; sourceTree = "<group>"; };
		6ED0139F1EC2638000E1A4A4 /* GameOfLifeTests.xctest */ = {isa = PBXFileReference; explicitFileType = wrapper.cfbundle; includeInIndex = 0; path = GameOfLifeTests.xctest; sourceTree = BUILT_PRODUCTS_DIR; };
		6ED013A31EC2638000E1A4A4 /* GameOfLifeTests.swift */ = {isa = PBXFileReference; lastKnownFileType = sourcecode.swift; path = GameOfLifeTests.swift; sourceTree = "<group>"; };
		6ED013A51EC2638000E1A4A4 /* Info.plist */ = {isa = PBXFileReference; lastKnownFileType = text.plist.xml; path = Info.plist; sourceTree = "<group>"; };
/* End PBXFileReference section */

/* Begin PBXFrameworksBuildPhase section */
		6ED013881EC2638000E1A4A4 /* Frameworks */ = {
			isa = PBXFrameworksBuildPhase;
			buildActionMask = 2147483647;
			files = (
			);
			runOnlyForDeploymentPostprocessing = 0;
		};
		6ED0139C1EC2638000E1A4A4 /* Frameworks */ = {
			isa = PBXFrameworksBuildPhase;
			buildActionMask = 2147483647;
			files = (
			);
			runOnlyForDeploymentPostprocessing = 0;
		};
/* End PBXFrameworksBuildPhase section */

/* Begin PBXGroup section */
		6ED013821EC2638000E1A4A4 = {
			isa = PBXGroup;
			children = (
				6ED0138D1EC2638000E1A4A4 /* GameOfLife */,
				6ED013A21EC2638000E1A4A4 /* GameOfLifeTests */,
				6ED0138C1EC2638000E1A4A4 /* Products */,
			);
			sourceTree = "<group>";
		};
		6ED0138C1EC2638000E1A4A4 /* Products */ = {
			isa = PBXGroup;
			children = (
				6ED0138B1EC2638000E1A4A4 /* GameOfLife.app */,
				6ED0139F1EC2638000E1A4A4 /* GameOfLifeTests.xctest */,
			);
			name = Products;
			sourceTree = "<group>";
		};
		6ED0138D1EC2638000E1A4A4 /* GameOfLife */ = {
			isa = PBXGroup;
			children = (
				6ED0138E1EC2638000E1A4A4 /* AppDelegate.swift */,
				6ED013901EC2638000E1A4A4 /* ViewController.swift */,
				6ED013921EC2638000E1A4A4 /* Main.storyboard */,
				6ED013951EC2638000E1A4A4 /* Assets.xcassets */,
				6ED013971EC2638000E1A4A4 /* LaunchScreen.storyboard */,
				6ED0139A1EC2638000E1A4A4 /* Info.plist */,
			);
			path = GameOfLife;
			sourceTree = "<group>";
		};
		6ED013A21EC2638000E1A4A4 /* GameOfLifeTests */ = {
			isa = PBXGroup;
			children = (
				6ED013A31EC2638000E1A4A4 /* GameOfLifeTests.swift */,
				6ED013A51EC2638000E1A4A4 /* Info.plist */,
			);
			path = GameOfLifeTests;
			sourceTree = "<group>";
		};
/* End PBXGroup section */

/* Begin PBXNativeTarget section */
		6ED0138A1EC2638000E1A4A4 /* GameOfLife */ = {
			isa = PBXNativeTarget;
			buildConfigurationList = 6ED013A81EC2638000E1A4A4 /* Build configuration list for PBXNativeTarget "GameOfLife" */;
			buildPhases = (
				6ED013871EC2638000E1A4A4 /* Sources */,
				6ED013881EC2638000E1A4A4 /* Frameworks */,
				6ED013891EC2638000E1A4A4 /* Resources */,
			);
			buildRules = (
			);
			dependencies = (
			);
			name = GameOfLife;
			productName = GameOfLife;
			productReference = 6ED0138B1EC2638000E1A4A4 /* GameOfLife.app */;
			productType = "com.apple.product-type.application";
		};
		6ED0139E1EC2638000E1A4A4 /* GameOfLifeTests */ = {
			isa = PBXNativeTarget;
			buildConfigurationList = 6ED013AB1EC2638000E1A4A4 /* Build configuration list for PBXNativeTarget "GameOfLifeTests" */;
			buildPhases = (
				6ED0139B1EC2638000E1A4A4 /* Sources */,
				6ED0139C1EC2638000E1A4A4 /* Frameworks */,
				6ED0139D1EC2638000E1A4A4 /* Resources */,
			);
			buildRules = (
			);
			dependencies = (
				6ED013A11EC2638000E1A4A4 /* PBXTargetDependency */,
			);
			name = GameOfLifeTests;
			productName = GameOfLifeTests;
			productReference = 6ED0139F1EC2638000E1A4A4 /* GameOfLifeTests.xctest */;
			productType = "com.apple.product-type.bundle.unit-test";
		};
/* End PBXNativeTarget section */

/* Begin PBXProject section */
		6ED013831EC2638000E1A4A4 /* Project object */ = {
			isa = PBXProject;
			attributes = {
				LastSwiftUpdateCheck = 0800;
				LastUpgradeCheck = 0800;
				ORGANIZATIONNAME = Shez;
				TargetAttributes = {
					6ED0138A1EC2638000E1A4A4 = {
						CreatedOnToolsVersion = 8.0;
						ProvisioningStyle = Automatic;
					};
					6ED0139E1EC2638000E1A4A4 = {
						CreatedOnToolsVersion = 8.0;
						ProvisioningStyle = Automatic;
						TestTargetID = 6ED0138A1EC2638000E1A4A4;
					};
				};
			};
			buildConfigurationList = 6ED013861EC2638000E1A4A4 /* Build configuration list for PBXProject "GameOfLife" */;
			compatibilityVersion = "Xcode 3.2";
			developmentRegion = English;
			hasScannedForEncodings = 0;
			knownRegions = (
				en,
				Base,
			);
			mainGroup = 6ED013821EC2638000E1A4A4;
			productRefGroup = 6ED0138C1EC2638000E1A4A4 /* Products */;
			projectDirPath = "";
			projectRoot = "";
			targets = (
				6ED0138A1EC2638000E1A4A4 /* GameOfLife */,
				6ED0139E1EC2638000E1A4A4 /* GameOfLifeTests */,
			);
		};
/* End PBXProject section */

/* Begin PBXResourcesBuildPhase section */
		6ED013891EC2638000E1A4A4 /* Resources */ = {
			isa = PBXResourcesBuildPhase;
			buildActionMask = 2147483647;
			files = (
				6ED013991EC2638000E1A4A4 /* LaunchScreen.storyboard in Resources */,
				6ED013961EC2638000E1A4A4 /* Assets.xcassets in Resources */,
				6ED013941EC2638000E1A4A4 /* Main.storyboard in Resources */,
			);
			runOnlyForDeploymentPostprocessing = 0;
		};
		6ED0139D1EC2638000E1A4A4 /* Resources */ = {
			isa = PBXResourcesBuildPhase;
			buildActionMask = 2147483647;
			files = (
			);
			runOnlyForDeploymentPostprocessing = 0;
		};
/* End PBXResourcesBuildPhase section */

/* Begin PBXSourcesBuildPhase section */
		6ED013871EC2638000E1A4A4 /* Sources */ = {
			isa = PBXSourcesBuildPhase;
			buildActionMask = 2147483647;
			files = (
				6ED013911EC2638000E1A4A4 /* ViewController.swift in Sources */,
				6ED0138F1EC2638000E1A4A4 /* AppDelegate.swift in Sources */,
			);
			runOnlyForDeploymentPostprocessing = 0;
		};
		6ED0139B1EC2638000E1A4A4 /* Sources */ = {
			isa = PBXSourcesBuildPhase;
			buildActionMask = 2147483647;
			files = (
				6ED013A41EC2638000E1A4A4 /* GameOfLifeTests.swift in Sources */,
			);
			runOnlyForDeploymentPostprocessing = 0;
		};
/* End PBXSourcesBuildPhase section */

/* Begin PBXTargetDependency section */
		6ED013A11EC2638000E1A4A4 /* PBXTargetDependency */ = {
			isa = PBXTargetDependency;
			target = 6ED0138A1EC2638000E1A4A4 /* GameOfLife */;
			targetProxy = 6ED013A01EC2638000E1A4A4 /* PBXContainerItemProxy */;
		};
/* End PBXTargetDependency section */

/* Begin PBXVariantGroup section */
		6ED013921EC2638000E1A4A4 /* Main.storyboard */ = {
			isa = PBXVariantGroup;
			children = (
				6ED013931EC2638000E1A4A4 /* Base */,
			);
			name = Main.storyboard;
			sourceTree = "<group>";
		};
		6ED013971EC2638000E1A4A4 /* LaunchScreen.storyboard */ = {
			isa = PBXVariantGroup;
			children = (
				6ED013981EC2638000E1A4A4 /* Base */,
			);
			name = LaunchScreen.storyboard;
			sourceTree = "<group>";
		};
/* End PBXVariantGroup section */

/* Begin XCBuildConfiguration section */
		6ED013A61EC2638000E1A4A4 /* Debug */ = {
			isa = XCBuildConfiguration;
			buildSettings = {
				ALWAYS_SEARCH_USER_PATHS = NO;
				CLANG_ANALYZER_NONNULL = YES;
				CLANG_CXX_LANGUAGE_STANDARD = "gnu++0x";
				CLANG_CXX_LIBRARY = "libc++";
				CLANG_ENABLE_MODULES = YES;
				CLANG_ENABLE_OBJC_ARC = YES;
				CLANG_WARN_BOOL_CONVERSION = YES;
				CLANG_WARN_CONSTANT_CONVERSION = YES;
				CLANG_WARN_DIRECT_OBJC_ISA_USAGE = YES_ERROR;
				CLANG_WARN_DOCUMENTATION_COMMENTS = YES;
				CLANG_WARN_EMPTY_BODY = YES;
				CLANG_WARN_ENUM_CONVERSION = YES;
				CLANG_WARN_INFINITE_RECURSION = YES;
				CLANG_WARN_INT_CONVERSION = YES;
				CLANG_WARN_OBJC_ROOT_CLASS = YES_ERROR;
				CLANG_WARN_SUSPICIOUS_MOVES = YES;
				CLANG_WARN_UNREACHABLE_CODE = YES;
				CLANG_WARN__DUPLICATE_METHOD_MATCH = YES;
				"CODE_SIGN_IDENTITY[sdk=iphoneos*]" = "iPhone Developer";
				COPY_PHASE_STRIP = NO;
				DEBUG_INFORMATION_FORMAT = dwarf;
				ENABLE_STRICT_OBJC_MSGSEND = YES;
				ENABLE_TESTABILITY = YES;
				GCC_C_LANGUAGE_STANDARD = gnu99;
				GCC_DYNAMIC_NO_PIC = NO;
				GCC_NO_COMMON_BLOCKS = YES;
				GCC_OPTIMIZATION_LEVEL = 0;
				GCC_PREPROCESSOR_DEFINITIONS = (
					"DEBUG=1",
					"$(inherited)",
				);
				GCC_WARN_64_TO_32_BIT_CONVERSION = YES;
				GCC_WARN_ABOUT_RETURN_TYPE = YES_ERROR;
				GCC_WARN_UNDECLARED_SELECTOR = YES;
				GCC_WARN_UNINITIALIZED_AUTOS = YES_AGGRESSIVE;
				GCC_WARN_UNUSED_FUNCTION = YES;
				GCC_WARN_UNUSED_VARIABLE = YES;
				IPHONEOS_DEPLOYMENT_TARGET = 10.0;
				MTL_ENABLE_DEBUG_INFO = YES;
				ONLY_ACTIVE_ARCH = YES;
				SDKROOT = iphoneos;
				SWIFT_ACTIVE_COMPILATION_CONDITIONS = DEBUG;
				SWIFT_OPTIMIZATION_LEVEL = "-Onone";
				TARGETED_DEVICE_FAMILY = "1,2";
			};
			name = Debug;
		};
		6ED013A71EC2638000E1A4A4 /* Release */ = {
			isa = XCBuildConfiguration;
			buildSettings = {
				ALWAYS_SEARCH_USER_PATHS = NO;
				CLANG_ANALYZER_NONNULL = YES;
				CLANG_CXX_LANGUAGE_STANDARD = "gnu++0x";
				CLANG_CXX_LIBRARY = "libc++";
				CLANG_ENABLE_MODULES = YES;
				CLANG_ENABLE_OBJC_ARC = YES;
				CLANG_WARN_BOOL_CONVERSION = YES;
				CLANG_WARN_CONSTANT_CONVERSION = YES;
				CLANG_WARN_DIRECT_OBJC_ISA_USAGE = YES_ERROR;
				CLANG_WARN_DOCUMENTATION_COMMENTS = YES;
				CLANG_WARN_EMPTY_BODY = YES;
				CLANG_WARN_ENUM_CONVERSION = YES;
				CLANG_WARN_INFINITE_RECURSION = YES;
				CLANG_WARN_INT_CONVERSION = YES;
				CLANG_WARN_OBJC_ROOT_CLASS = YES_ERROR;
				CLANG_WARN_SUSPICIOUS_MOVES = YES;
				CLANG_WARN_UNREACHABLE_CODE = YES;
				CLANG_WARN__DUPLICATE_METHOD_MATCH = YES;
				"CODE_SIGN_IDENTITY[sdk=iphoneos*]" = "iPhone Developer";
				COPY_PHASE_STRIP = NO;
				DEBUG_INFORMATION_FORMAT = "dwarf-with-dsym";
				ENABLE_NS_ASSERTIONS = NO;
				ENABLE_STRICT_OBJC_MSGSEND = YES;
				GCC_C_LANGUAGE_STANDARD = gnu99;
				GCC_NO_COMMON_BLOCKS = YES;
				GCC_WARN_64_TO_32_BIT_CONVERSION = YES;
				GCC_WARN_ABOUT_RETURN_TYPE = YES_ERROR;
				GCC_WARN_UNDECLARED_SELECTOR = YES;
				GCC_WARN_UNINITIALIZED_AUTOS = YES_AGGRESSIVE;
				GCC_WARN_UNUSED_FUNCTION = YES;
				GCC_WARN_UNUSED_VARIABLE = YES;
				IPHONEOS_DEPLOYMENT_TARGET = 10.0;
				MTL_ENABLE_DEBUG_INFO = NO;
				SDKROOT = iphoneos;
				SWIFT_OPTIMIZATION_LEVEL = "-Owholemodule";
				TARGETED_DEVICE_FAMILY = "1,2";
				VALIDATE_PRODUCT = YES;
			};
			name = Release;
		};
		6ED013A91EC2638000E1A4A4 /* Debug */ = {
			isa = XCBuildConfiguration;
			buildSettings = {
				ASSETCATALOG_COMPILER_APPICON_NAME = AppIcon;
				INFOPLIST_FILE = GameOfLife/Info.plist;
				LD_RUNPATH_SEARCH_PATHS = "$(inherited) @executable_path/Frameworks";
				PRODUCT_BUNDLE_IDENTIFIER = uk.org.shez.GameOfLife;
				PRODUCT_NAME = "$(TARGET_NAME)";
				SWIFT_VERSION = 3.0;
			};
			name = Debug;
		};
		6ED013AA1EC2638000E1A4A4 /* Release */ = {
			isa = XCBuildConfiguration;
			buildSettings = {
				ASSETCATALOG_COMPILER_APPICON_NAME = AppIcon;
				INFOPLIST_FILE = GameOfLife/Info.plist;
				LD_RUNPATH_SEARCH_PATHS = "$(inherited) @executable_path/Frameworks";
				PRODUCT_BUNDLE_IDENTIFIER = uk.org.shez.GameOfLife;
				PRODUCT_NAME = "$(TARGET_NAME)";
				SWIFT_VERSION = 3.0;
			};
			name = Release;
		};
		6ED013AC1EC2638000E1A4A4 /* Debug */ = {
			isa = XCBuildConfiguration;
			buildSettings = {
				ALWAYS_EMBED_SWIFT_STANDARD_LIBRARIES = YES;
				BUNDLE_LOADER = "$(TEST_HOST)";
				INFOPLIST_FILE = GameOfLifeTests/Info.plist;
				LD_RUNPATH_SEARCH_PATHS = "$(inherited) @executable_path/Frameworks @loader_path/Frameworks";
				PRODUCT_BUNDLE_IDENTIFIER = uk.org.shez.GameOfLifeTests;
				PRODUCT_NAME = "$(TARGET_NAME)";
				SWIFT_VERSION = 3.0;
				TEST_HOST = "$(BUILT_PRODUCTS_DIR)/GameOfLife.app/GameOfLife";
			};
			name = Debug;
		};
		6ED013AD1EC2638000E1A4A4 /* Release */ = {
			isa = XCBuildConfiguration;
			buildSettings = {
				ALWAYS_EMBED_SWIFT_STANDARD_LIBRARIES = YES;
				BUNDLE_LOADER = "$(TEST_HOST)";
				INFOPLIST_FILE = GameOfLifeTests/Info.plist;
				LD_RUNPATH_SEARCH_PATHS = "$(inherited) @executable_path/Frameworks @loader_path/Frameworks";
				PRODUCT_BUNDLE_IDENTIFIER = uk.org.shez.GameOfLifeTests;
				PRODUCT_NAME = "$(TARGET_NAME)";
				SWIFT_VERSION = 3.0;
				TEST_HOST = "$(BUILT_PRODUCTS_DIR)/GameOfLife.app/GameOfLife";
			};
			name = Release;
		};
/* End XCBuildConfiguration section */

/* Begin XCConfigurationList section */
		6ED013861EC2638000E1A4A4 /* Build configuration list for PBXProject "GameOfLife" */ = {
			isa = XCConfigurationList;
			buildConfigurations = (
				6ED013A61EC2638000E1A4A4 /* Debug */,
				6ED013A71EC2638000E1A4A4 /* Release */,
			);
			defaultConfigurationIsVisible = 0;
			defaultConfigurationName = Release;
		};
		6ED013A81EC2638000E1A4A4 /* Build configuration list for PBXNativeTarget "GameOfLife" */ = {
			isa = XCConfigurationList;
			buildConfigurations = (
				6ED013A91EC2638000E1A4A4 /* Debug */,
				6ED013AA1EC2638000E1A4A4 /* Release */,
			);
			defaultConfigurationIsVisible = 0;
		};
		6ED013AB1EC2638000E1A4A4 /* Build configuration list for PBXNativeTarget "GameOfLifeTests" */ = {
			isa = XCConfigurationList;
			buildConfigurations = (
				6ED013AC1EC2638000E1A4A4 /* Debug */,
				6ED013AD1EC2638000E1A4A4 /* Release */,
			);
			defaultConfigurationIsVisible = 0;
		};
/* End XCConfigurationList section */
	};
	rootObject = 6ED013831EC2638000E1A4A4 /* Project object */;
}
